
Microsoft Visual Studio Solution File, Format Version 12.00
# Visual Studio Version 17
VisualStudioVersion = 17.1.32421.90
MinimumVisualStudioVersion = 10.0.40219.1
Project("{FAE04EC0-301F-11D3-BF4B-00C04F79EFBC}") = "PortraitOrLandscape", "PortraitOrLandscape\PortraitOrLandscape.csproj", "{C85BD596-C880-494E-9822-2C5BDFE188AF}"
EndProject
Global
	GlobalSection(SolutionConfigurationPlatforms) = preSolution
		Debug|Any CPU = Debug|Any CPU
		Release|Any CPU = Release|Any CPU
	EndGlobalSection
	GlobalSection(ProjectConfigurationPlatforms) = postSolution
		{C85BD596-C880-494E-9822-2C5BDFE188AF}.Debug|Any CPU.ActiveCfg = Debug|Any CPU
		{C85BD596-C880-494E-9822-2C5BDFE188AF}.Debug|Any CPU.Build.0 = Debug|Any CPU
		{C85BD596-C880-494E-9822-2C5BDFE188AF}.Release|Any CPU.ActiveCfg = Release|Any CPU
		{C85BD596-C880-494E-9822-2C5BDFE188AF}.Release|Any CPU.Build.0 = Release|Any CPU
	EndGlobalSection
	GlobalSection(SolutionProperties) = preSolution
		HideSolutionNode = FALSE
	EndGlobalSection
	GlobalSection(ExtensibilityGlobals) = postSolution
		SolutionGuid = {2AF018FF-C41A-41AE-A357-E17B06F74E89}
	EndGlobalSection
EndGlobal
